# machino.lock — written by 'machino pkg sync'
algo ../algo path
bigint ../bigint path
bitset ../bitset path
cli ../cli path
color ../color path
combinatorics ../combinatorics path
complex ../complex path
crypto ../crypto path
csv ../csv path
datetime ../datetime path
encoding ../encoding path
fraction ../fraction path
geom2d ../geom2d path
graph ../graph path
heap ../heap path
httpkit ../httpkit path
jsonutil ../jsonutil path
linalg ../linalg path
log ../log path
mathadv ../mathadv path
mathx ../mathx path
numeric ../numeric path
option ../option path
pathutil ../pathutil path
poly ../poly path
queue ../queue path
rand ../rand path
result ../result path
set ../set path
signal ../signal path
sortx ../sortx path
stack ../stack path
stats ../stats path
statsadv ../statsadv path
template ../template path
text ../text path
units ../units path
urlparse ../urlparse path
uuid ../uuid path
vec ../vec path
